
Microsoft Visual Studio Solution File, Format Version 12.00
# Visual Studio Version 17
VisualStudioVersion = 17.9.34622.214
MinimumVisualStudioVersion = 10.0.40219.1
Project("{8BC9CEB8-8B4A-11D0-8D11-00A0C91BC942}") = "lab13-14", "lab13-14\lab13-14.vcxproj", "{67D86A47-EE73-41D7-8977-156B294F86D2}"
EndProject
Global
	GlobalSection(SolutionConfigurationPlatforms) = preSolution
		Debug|x64 = Debug|x64
		Release|x64 = Release|x64
	EndGlobalSection
	GlobalSection(ProjectConfigurationPlatforms) = postSolution
		{67D86A47-EE73-41D7-8977-156B294F86D2}.Debug|x64.ActiveCfg = Debug|x64
		{67D86A47-EE73-41D7-8977-156B294F86D2}.Debug|x64.Build.0 = Debug|x64
		{67D86A47-EE73-41D7-8977-156B294F86D2}.Release|x64.ActiveCfg = Release|x64
		{67D86A47-EE73-41D7-8977-156B294F86D2}.Release|x64.Build.0 = Release|x64
	EndGlobalSection
	GlobalSection(SolutionProperties) = preSolution
		HideSolutionNode = FALSE
	EndGlobalSection
	GlobalSection(ExtensibilityGlobals) = postSolution
		SolutionGuid = {80EDDCD6-E5FC-4D6F-BEF3-60EFB7094BD8}
	EndGlobalSection
EndGlobal
